
Microsoft Visual Studio Solution File, Format Version 12.00
Project("{FAE04EC0-301F-11D3-BF4B-00C04F79EFBC}") = "CertDaddy", "CertDaddy\CertDaddy.csproj", "{4EB00555-7BBE-4E0D-9992-6FEA776C203B}"
EndProject
Project("{2150E333-8FDC-42A3-9474-1A3956D46DE8}") = "ElectronController", "ElectronController", "{0C3B355E-A880-4882-B733-A7D251EF4F66}"
EndProject
Project("{FAE04EC0-301F-11D3-BF4B-00C04F79EFBC}") = "ElectronController", "ElectronController\ElectronController\ElectronController.csproj", "{A3FAE6FD-698E-43A0-90C1-F190FCC20E38}"
EndProject
Project("{FAE04EC0-301F-11D3-BF4B-00C04F79EFBC}") = "Tests.ElectronController", "ElectronController\Tests.ElectronController\Tests.ElectronController.csproj", "{72A7DD8B-CA18-4C73-BD9D-E9A1C5F1C602}"
EndProject
Global
	GlobalSection(SolutionConfigurationPlatforms) = preSolution
		Debug|Any CPU = Debug|Any CPU
		Release|Any CPU = Release|Any CPU
	EndGlobalSection
	GlobalSection(ProjectConfigurationPlatforms) = postSolution
		{4EB00555-7BBE-4E0D-9992-6FEA776C203B}.Debug|Any CPU.ActiveCfg = Debug|Any CPU
		{4EB00555-7BBE-4E0D-9992-6FEA776C203B}.Debug|Any CPU.Build.0 = Debug|Any CPU
		{4EB00555-7BBE-4E0D-9992-6FEA776C203B}.Release|Any CPU.ActiveCfg = Release|Any CPU
		{4EB00555-7BBE-4E0D-9992-6FEA776C203B}.Release|Any CPU.Build.0 = Release|Any CPU
		{A3FAE6FD-698E-43A0-90C1-F190FCC20E38}.Debug|Any CPU.ActiveCfg = Debug|Any CPU
		{A3FAE6FD-698E-43A0-90C1-F190FCC20E38}.Debug|Any CPU.Build.0 = Debug|Any CPU
		{A3FAE6FD-698E-43A0-90C1-F190FCC20E38}.Release|Any CPU.ActiveCfg = Release|Any CPU
		{A3FAE6FD-698E-43A0-90C1-F190FCC20E38}.Release|Any CPU.Build.0 = Release|Any CPU
		{72A7DD8B-CA18-4C73-BD9D-E9A1C5F1C602}.Debug|Any CPU.ActiveCfg = Debug|Any CPU
		{72A7DD8B-CA18-4C73-BD9D-E9A1C5F1C602}.Debug|Any CPU.Build.0 = Debug|Any CPU
		{72A7DD8B-CA18-4C73-BD9D-E9A1C5F1C602}.Release|Any CPU.ActiveCfg = Release|Any CPU
		{72A7DD8B-CA18-4C73-BD9D-E9A1C5F1C602}.Release|Any CPU.Build.0 = Release|Any CPU
	EndGlobalSection
	GlobalSection(NestedProjects) = preSolution
	EndGlobalSection
EndGlobal
